// !$*UTF8*$!
{
	archiveVersion = 1;
	classes = {
	};
	objectVersion = 56;
	objects = {

/* Begin PBXBuildFile section */
		5CE720A22B0D925D00199A58 /* AppDelegate.swift in Sources */ = {isa = PBXBuildFile; fileRef = 5CE720A12B0D925D00199A58 /* AppDelegate.swift */; };
		5CE720A42B0D925D00199A58 /* SceneDelegate.swift in Sources */ = {isa = PBXBuildFile; fileRef = 5CE720A32B0D925D00199A58 /* SceneDelegate.swift */; };
		5CE720A62B0D925D00199A58 /* ViewController.swift in Sources */ = {isa = PBXBuildFile; fileRef = 5CE720A52B0D925D00199A58 /* ViewController.swift */; };
		5CE720A92B0D925D00199A58 /* Main.storyboard in Resources */ = {isa = PBXBuildFile; fileRef = 5CE720A72B0D925D00199A58 /* Main.storyboard */; };
		5CE720AB2B0D925E00199A58 /* Assets.xcassets in Resources */ = {isa = PBXBuildFile; fileRef = 5CE720AA2B0D925E00199A58 /* Assets.xcassets */; };
		5CE720AE2B0D925E00199A58 /* LaunchScreen.storyboard in Resources */ = {isa = PBXBuildFile; fileRef = 5CE720AC2B0D925E00199A58 /* LaunchScreen.storyboard */; };
		5CE720B72B0D92F500199A58 /* libsqlite3.tbd in Frameworks */ = {isa = PBXBuildFile; fileRef = 5CE720B62B0D92F500199A58 /* libsqlite3.tbd */; };
		5CE720C52B0D955F00199A58 /* FMDatabaseAdditions.m in Sources */ = {isa = PBXBuildFile; fileRef = 5CE720BB2B0D955E00199A58 /* FMDatabaseAdditions.m */; };
		5CE720C62B0D955F00199A58 /* FMResultSet.m in Sources */ = {isa = PBXBuildFile; fileRef = 5CE720BE2B0D955E00199A58 /* FMResultSet.m */; };
		5CE720C72B0D955F00199A58 /* FMDatabasePool.m in Sources */ = {isa = PBXBuildFile; fileRef = 5CE720BF2B0D955E00199A58 /* FMDatabasePool.m */; };
		5CE720C82B0D955F00199A58 /* FMDatabaseQueue.m in Sources */ = {isa = PBXBuildFile; fileRef = 5CE720C02B0D955F00199A58 /* FMDatabaseQueue.m */; };
		5CE720C92B0D955F00199A58 /* FMDatabase.m in Sources */ = {isa = PBXBuildFile; fileRef = 5CE720C12B0D955F00199A58 /* FMDatabase.m */; };
/* End PBXBuildFile section */

/* Begin PBXFileReference section */
		5CE7209E2B0D925D00199A58 /* DatabaseDemo.app */ = {isa = PBXFileReference; explicitFileType = wrapper.application; includeInIndex = 0; path = DatabaseDemo.app; sourceTree = BUILT_PRODUCTS_DIR; };
		5CE720A12B0D925D00199A58 /* AppDelegate.swift */ = {isa = PBXFileReference; lastKnownFileType = sourcecode.swift; path = AppDelegate.swift; sourceTree = "<group>"; };
		5CE720A32B0D925D00199A58 /* SceneDelegate.swift */ = {isa = PBXFileReference; lastKnownFileType = sourcecode.swift; path = SceneDelegate.swift; sourceTree = "<group>"; };
		5CE720A52B0D925D00199A58 /* ViewController.swift */ = {isa = PBXFileReference; lastKnownFileType = sourcecode.swift; path = ViewController.swift; sourceTree = "<group>"; };
		5CE720A82B0D925D00199A58 /* Base */ = {isa = PBXFileReference; lastKnownFileType = file.storyboard; name = Base; path = Base.lproj/Main.storyboard; sourceTree = "<group>"; };
		5CE720AA2B0D925E00199A58 /* Assets.xcassets */ = {isa = PBXFileReference; lastKnownFileType = folder.assetcatalog; path = Assets.xcassets; sourceTree = "<group>"; };
		5CE720AD2B0D925E00199A58 /* Base */ = {isa = PBXFileReference; lastKnownFileType = file.storyboard; name = Base; path = Base.lproj/LaunchScreen.storyboard; sourceTree = "<group>"; };
		5CE720AF2B0D925E00199A58 /* Info.plist */ = {isa = PBXFileReference; lastKnownFileType = text.plist.xml; path = Info.plist; sourceTree = "<group>"; };
		5CE720B62B0D92F500199A58 /* libsqlite3.tbd */ = {isa = PBXFileReference; lastKnownFileType = "sourcecode.text-based-dylib-definition"; name = libsqlite3.tbd; path = usr/lib/libsqlite3.tbd; sourceTree = SDKROOT; };
		5CE720B92B0D955D00199A58 /* DatabaseDemo-Bridging-Header.h */ = {isa = PBXFileReference; lastKnownFileType = sourcecode.c.h; path = "DatabaseDemo-Bridging-Header.h"; sourceTree = "<group>"; };
		5CE720BA2B0D955E00199A58 /* FMDB.h */ = {isa = PBXFileReference; fileEncoding = 4; lastKnownFileType = sourcecode.c.h; path = FMDB.h; sourceTree = "<group>"; };
		5CE720BB2B0D955E00199A58 /* FMDatabaseAdditions.m */ = {isa = PBXFileReference; fileEncoding = 4; lastKnownFileType = sourcecode.c.objc; path = FMDatabaseAdditions.m; sourceTree = "<group>"; };
		5CE720BC2B0D955E00199A58 /* FMDatabaseAdditions.h */ = {isa = PBXFileReference; fileEncoding = 4; lastKnownFileType = sourcecode.c.h; path = FMDatabaseAdditions.h; sourceTree = "<group>"; };
		5CE720BD2B0D955E00199A58 /* FMDatabaseQueue.h */ = {isa = PBXFileReference; fileEncoding = 4; lastKnownFileType = sourcecode.c.h; path = FMDatabaseQueue.h; sourceTree = "<group>"; };
		5CE720BE2B0D955E00199A58 /* FMResultSet.m */ = {isa = PBXFileReference; fileEncoding = 4; lastKnownFileType = sourcecode.c.objc; path = FMResultSet.m; sourceTree = "<group>"; };
		5CE720BF2B0D955E00199A58 /* FMDatabasePool.m */ = {isa = PBXFileReference; fileEncoding = 4; lastKnownFileType = sourcecode.c.objc; path = FMDatabasePool.m; sourceTree = "<group>"; };
		5CE720C02B0D955F00199A58 /* FMDatabaseQueue.m */ = {isa = PBXFileReference; fileEncoding = 4; lastKnownFileType = sourcecode.c.objc; path = FMDatabaseQueue.m; sourceTree = "<group>"; };
		5CE720C12B0D955F00199A58 /* FMDatabase.m */ = {isa = PBXFileReference; fileEncoding = 4; lastKnownFileType = sourcecode.c.objc; path = FMDatabase.m; sourceTree = "<group>"; };
		5CE720C22B0D955F00199A58 /* FMDatabase.h */ = {isa = PBXFileReference; fileEncoding = 4; lastKnownFileType = sourcecode.c.h; path = FMDatabase.h; sourceTree = "<group>"; };
		5CE720C32B0D955F00199A58 /* FMResultSet.h */ = {isa = PBXFileReference; fileEncoding = 4; lastKnownFileType = sourcecode.c.h; path = FMResultSet.h; sourceTree = "<group>"; };
		5CE720C42B0D955F00199A58 /* FMDatabasePool.h */ = {isa = PBXFileReference; fileEncoding = 4; lastKnownFileType = sourcecode.c.h; path = FMDatabasePool.h; sourceTree = "<group>"; };
/* End PBXFileReference section */

/* Begin PBXFrameworksBuildPhase section */
		5CE7209B2B0D925D00199A58 /* Frameworks */ = {
			isa = PBXFrameworksBuildPhase;
			buildActionMask = 2147483647;
			files = (
				5CE720B72B0D92F500199A58 /* libsqlite3.tbd in Frameworks */,
			);
			runOnlyForDeploymentPostprocessing = 0;
		};
/* End PBXFrameworksBuildPhase section */

/* Begin PBXGroup section */
		5CE720952B0D925D00199A58 = {
			isa = PBXGroup;
			children = (
				5CE720A02B0D925D00199A58 /* DatabaseDemo */,
				5CE7209F2B0D925D00199A58 /* Products */,
				5CE720B52B0D92F500199A58 /* Frameworks */,
			);
			sourceTree = "<group>";
		};
		5CE7209F2B0D925D00199A58 /* Products */ = {
			isa = PBXGroup;
			children = (
				5CE7209E2B0D925D00199A58 /* DatabaseDemo.app */,
			);
			name = Products;
			sourceTree = "<group>";
		};
		5CE720A02B0D925D00199A58 /* DatabaseDemo */ = {
			isa = PBXGroup;
			children = (
				5CE720A12B0D925D00199A58 /* AppDelegate.swift */,
				5CE720A32B0D925D00199A58 /* SceneDelegate.swift */,
				5CE720A52B0D925D00199A58 /* ViewController.swift */,
				5CE720A72B0D925D00199A58 /* Main.storyboard */,
				5CE720AA2B0D925E00199A58 /* Assets.xcassets */,
				5CE720AC2B0D925E00199A58 /* LaunchScreen.storyboard */,
				5CE720C22B0D955F00199A58 /* FMDatabase.h */,
				5CE720C12B0D955F00199A58 /* FMDatabase.m */,
				5CE720BC2B0D955E00199A58 /* FMDatabaseAdditions.h */,
				5CE720BB2B0D955E00199A58 /* FMDatabaseAdditions.m */,
				5CE720C42B0D955F00199A58 /* FMDatabasePool.h */,
				5CE720BF2B0D955E00199A58 /* FMDatabasePool.m */,
				5CE720BD2B0D955E00199A58 /* FMDatabaseQueue.h */,
				5CE720C02B0D955F00199A58 /* FMDatabaseQueue.m */,
				5CE720BA2B0D955E00199A58 /* FMDB.h */,
				5CE720C32B0D955F00199A58 /* FMResultSet.h */,
				5CE720BE2B0D955E00199A58 /* FMResultSet.m */,
				5CE720AF2B0D925E00199A58 /* Info.plist */,
				5CE720B92B0D955D00199A58 /* DatabaseDemo-Bridging-Header.h */,
			);
			path = DatabaseDemo;
			sourceTree = "<group>";
		};
		5CE720B52B0D92F500199A58 /* Frameworks */ = {
			isa = PBXGroup;
			children = (
				5CE720B62B0D92F500199A58 /* libsqlite3.tbd */,
			);
			name = Frameworks;
			sourceTree = "<group>";
		};
/* End PBXGroup section */

/* Begin PBXNativeTarget section */
		5CE7209D2B0D925D00199A58 /* DatabaseDemo */ = {
			isa = PBXNativeTarget;
			buildConfigurationList = 5CE720B22B0D925E00199A58 /* Build configuration list for PBXNativeTarget "DatabaseDemo" */;
			buildPhases = (
				5CE7209A2B0D925D00199A58 /* Sources */,
				5CE7209B2B0D925D00199A58 /* Frameworks */,
				5CE7209C2B0D925D00199A58 /* Resources */,
			);
			buildRules = (
			);
			dependencies = (
			);
			name = DatabaseDemo;
			productName = DatabaseDemo;
			productReference = 5CE7209E2B0D925D00199A58 /* DatabaseDemo.app */;
			productType = "com.apple.product-type.application";
		};
/* End PBXNativeTarget section */

/* Begin PBXProject section */
		5CE720962B0D925D00199A58 /* Project object */ = {
			isa = PBXProject;
			attributes = {
				BuildIndependentTargetsInParallel = 1;
				LastSwiftUpdateCheck = 1500;
				LastUpgradeCheck = 1500;
				TargetAttributes = {
					5CE7209D2B0D925D00199A58 = {
						CreatedOnToolsVersion = 15.0.1;
						LastSwiftMigration = 1500;
					};
				};
			};
			buildConfigurationList = 5CE720992B0D925D00199A58 /* Build configuration list for PBXProject "DatabaseDemo" */;
			compatibilityVersion = "Xcode 14.0";
			developmentRegion = en;
			hasScannedForEncodings = 0;
			knownRegions = (
				en,
				Base,
			);
			mainGroup = 5CE720952B0D925D00199A58;
			productRefGroup = 5CE7209F2B0D925D00199A58 /* Products */;
			projectDirPath = "";
			projectRoot = "";
			targets = (
				5CE7209D2B0D925D00199A58 /* DatabaseDemo */,
			);
		};
/* End PBXProject section */

/* Begin PBXResourcesBuildPhase section */
		5CE7209C2B0D925D00199A58 /* Resources */ = {
			isa = PBXResourcesBuildPhase;
			buildActionMask = 2147483647;
			files = (
				5CE720AE2B0D925E00199A58 /* LaunchScreen.storyboard in Resources */,
				5CE720AB2B0D925E00199A58 /* Assets.xcassets in Resources */,
				5CE720A92B0D925D00199A58 /* Main.storyboard in Resources */,
			);
			runOnlyForDeploymentPostprocessing = 0;
		};
/* End PBXResourcesBuildPhase section */

/* Begin PBXSourcesBuildPhase section */
		5CE7209A2B0D925D00199A58 /* Sources */ = {
			isa = PBXSourcesBuildPhase;
			buildActionMask = 2147483647;
			files = (
				5CE720A62B0D925D00199A58 /* ViewController.swift in Sources */,
				5CE720C72B0D955F00199A58 /* FMDatabasePool.m in Sources */,
				5CE720A22B0D925D00199A58 /* AppDelegate.swift in Sources */,
				5CE720C82B0D955F00199A58 /* FMDatabaseQueue.m in Sources */,
				5CE720A42B0D925D00199A58 /* SceneDelegate.swift in Sources */,
				5CE720C52B0D955F00199A58 /* FMDatabaseAdditions.m in Sources */,
				5CE720C62B0D955F00199A58 /* FMResultSet.m in Sources */,
				5CE720C92B0D955F00199A58 /* FMDatabase.m in Sources */,
			);
			runOnlyForDeploymentPostprocessing = 0;
		};
/* End PBXSourcesBuildPhase section */

/* Begin PBXVariantGroup section */
		5CE720A72B0D925D00199A58 /* Main.storyboard */ = {
			isa = PBXVariantGroup;
			children = (
				5CE720A82B0D925D00199A58 /* Base */,
			);
			name = Main.storyboard;
			sourceTree = "<group>";
		};
		5CE720AC2B0D925E00199A58 /* LaunchScreen.storyboard */ = {
			isa = PBXVariantGroup;
			children = (
				5CE720AD2B0D925E00199A58 /* Base */,
			);
			name = LaunchScreen.storyboard;
			sourceTree = "<group>";
		};
/* End PBXVariantGroup section */

/* Begin XCBuildConfiguration section */
		5CE720B02B0D925E00199A58 /* Debug */ = {
			isa = XCBuildConfiguration;
			buildSettings = {
				ALWAYS_SEARCH_USER_PATHS = NO;
				ASSETCATALOG_COMPILER_GENERATE_SWIFT_ASSET_SYMBOL_EXTENSIONS = YES;
				CLANG_ANALYZER_NONNULL = YES;
				CLANG_ANALYZER_NUMBER_OBJECT_CONVERSION = YES_AGGRESSIVE;
				CLANG_CXX_LANGUAGE_STANDARD = "gnu++20";
				CLANG_ENABLE_MODULES = YES;
				CLANG_ENABLE_OBJC_ARC = YES;
				CLANG_ENABLE_OBJC_WEAK = YES;
				CLANG_WARN_BLOCK_CAPTURE_AUTORELEASING = YES;
				CLANG_WARN_BOOL_CONVERSION = YES;
				CLANG_WARN_COMMA = YES;
				CLANG_WARN_CONSTANT_CONVERSION = YES;
				CLANG_WARN_DEPRECATED_OBJC_IMPLEMENTATIONS = YES;
				CLANG_WARN_DIRECT_OBJC_ISA_USAGE = YES_ERROR;
				CLANG_WARN_DOCUMENTATION_COMMENTS = YES;
				CLANG_WARN_EMPTY_BODY = YES;
				CLANG_WARN_ENUM_CONVERSION = YES;
				CLANG_WARN_INFINITE_RECURSION = YES;
				CLANG_WARN_INT_CONVERSION = YES;
				CLANG_WARN_NON_LITERAL_NULL_CONVERSION = YES;
				CLANG_WARN_OBJC_IMPLICIT_RETAIN_SELF = YES;
				CLANG_WARN_OBJC_LITERAL_CONVERSION = YES;
				CLANG_WARN_OBJC_ROOT_CLASS = YES_ERROR;
				CLANG_WARN_QUOTED_INCLUDE_IN_FRAMEWORK_HEADER = YES;
				CLANG_WARN_RANGE_LOOP_ANALYSIS = YES;
				CLANG_WARN_STRICT_PROTOTYPES = YES;
				CLANG_WARN_SUSPICIOUS_MOVE = YES;
				CLANG_WARN_UNGUARDED_AVAILABILITY = YES_AGGRESSIVE;
				CLANG_WARN_UNREACHABLE_CODE = YES;
				CLANG_WARN__DUPLICATE_METHOD_MATCH = YES;
				COPY_PHASE_STRIP = NO;
				DEBUG_INFORMATION_FORMAT = dwarf;
				ENABLE_STRICT_OBJC_MSGSEND = YES;
				ENABLE_TESTABILITY = YES;
				ENABLE_USER_SCRIPT_SANDBOXING = YES;
				GCC_C_LANGUAGE_STANDARD = gnu17;
				GCC_DYNAMIC_NO_PIC = NO;
				GCC_NO_COMMON_BLOCKS = YES;
				GCC_OPTIMIZATION_LEVEL = 0;
				GCC_PREPROCESSOR_DEFINITIONS = (
					"DEBUG=1",
					"$(inherited)",
				);
				GCC_WARN_64_TO_32_BIT_CONVERSION = YES;
				GCC_WARN_ABOUT_RETURN_TYPE = YES_ERROR;
				GCC_WARN_UNDECLARED_SELECTOR = YES;
				GCC_WARN_UNINITIALIZED_AUTOS = YES_AGGRESSIVE;
				GCC_WARN_UNUSED_FUNCTION = YES;
				GCC_WARN_UNUSED_VARIABLE = YES;
				IPHONEOS_DEPLOYMENT_TARGET = 16.4;
				LOCALIZATION_PREFERS_STRING_CATALOGS = YES;
				MTL_ENABLE_DEBUG_INFO = INCLUDE_SOURCE;
				MTL_FAST_MATH = YES;
				ONLY_ACTIVE_ARCH = YES;
				SDKROOT = iphoneos;
				SWIFT_ACTIVE_COMPILATION_CONDITIONS = "DEBUG $(inherited)";
				SWIFT_OPTIMIZATION_LEVEL = "-Onone";
			};
			name = Debug;
		};
		5CE720B12B0D925E00199A58 /* Release */ = {
			isa = XCBuildConfiguration;
			buildSettings = {
				ALWAYS_SEARCH_USER_PATHS = NO;
				ASSETCATALOG_COMPILER_GENERATE_SWIFT_ASSET_SYMBOL_EXTENSIONS = YES;
				CLANG_ANALYZER_NONNULL = YES;
				CLANG_ANALYZER_NUMBER_OBJECT_CONVERSION = YES_AGGRESSIVE;
				CLANG_CXX_LANGUAGE_STANDARD = "gnu++20";
				CLANG_ENABLE_MODULES = YES;
				CLANG_ENABLE_OBJC_ARC = YES;
				CLANG_ENABLE_OBJC_WEAK = YES;
				CLANG_WARN_BLOCK_CAPTURE_AUTORELEASING = YES;
				CLANG_WARN_BOOL_CONVERSION = YES;
				CLANG_WARN_COMMA = YES;
				CLANG_WARN_CONSTANT_CONVERSION = YES;
				CLANG_WARN_DEPRECATED_OBJC_IMPLEMENTATIONS = YES;
				CLANG_WARN_DIRECT_OBJC_ISA_USAGE = YES_ERROR;
				CLANG_WARN_DOCUMENTATION_COMMENTS = YES;
				CLANG_WARN_EMPTY_BODY = YES;
				CLANG_WARN_ENUM_CONVERSION = YES;
				CLANG_WARN_INFINITE_RECURSION = YES;
				CLANG_WARN_INT_CONVERSION = YES;
				CLANG_WARN_NON_LITERAL_NULL_CONVERSION = YES;
				CLANG_WARN_OBJC_IMPLICIT_RETAIN_SELF = YES;
				CLANG_WARN_OBJC_LITERAL_CONVERSION = YES;
				CLANG_WARN_OBJC_ROOT_CLASS = YES_ERROR;
				CLANG_WARN_QUOTED_INCLUDE_IN_FRAMEWORK_HEADER = YES;
				CLANG_WARN_RANGE_LOOP_ANALYSIS = YES;
				CLANG_WARN_STRICT_PROTOTYPES = YES;
				CLANG_WARN_SUSPICIOUS_MOVE = YES;
				CLANG_WARN_UNGUARDED_AVAILABILITY = YES_AGGRESSIVE;
				CLANG_WARN_UNREACHABLE_CODE = YES;
				CLANG_WARN__DUPLICATE_METHOD_MATCH = YES;
				COPY_PHASE_STRIP = NO;
				DEBUG_INFORMATION_FORMAT = "dwarf-with-dsym";
				ENABLE_NS_ASSERTIONS = NO;
				ENABLE_STRICT_OBJC_MSGSEND = YES;
				ENABLE_USER_SCRIPT_SANDBOXING = YES;
				GCC_C_LANGUAGE_STANDARD = gnu17;
				GCC_NO_COMMON_BLOCKS = YES;
				GCC_WARN_64_TO_32_BIT_CONVERSION = YES;
				GCC_WARN_ABOUT_RETURN_TYPE = YES_ERROR;
				GCC_WARN_UNDECLARED_SELECTOR = YES;
				GCC_WARN_UNINITIALIZED_AUTOS = YES_AGGRESSIVE;
				GCC_WARN_UNUSED_FUNCTION = YES;
				GCC_WARN_UNUSED_VARIABLE = YES;
				IPHONEOS_DEPLOYMENT_TARGET = 16.4;
				LOCALIZATION_PREFERS_STRING_CATALOGS = YES;
				MTL_ENABLE_DEBUG_INFO = NO;
				MTL_FAST_MATH = YES;
				SDKROOT = iphoneos;
				SWIFT_COMPILATION_MODE = wholemodule;
				VALIDATE_PRODUCT = YES;
			};
			name = Release;
		};
		5CE720B32B0D925E00199A58 /* Debug */ = {
			isa = XCBuildConfiguration;
			buildSettings = {
				ASSETCATALOG_COMPILER_APPICON_NAME = AppIcon;
				ASSETCATALOG_COMPILER_GLOBAL_ACCENT_COLOR_NAME = AccentColor;
				CLANG_ENABLE_MODULES = YES;
				CODE_SIGN_STYLE = Automatic;
				CURRENT_PROJECT_VERSION = 1;
				DEVELOPMENT_TEAM = KVX67TSKSQ;
				GENERATE_INFOPLIST_FILE = YES;
				INFOPLIST_FILE = DatabaseDemo/Info.plist;
				INFOPLIST_KEY_UIApplicationSupportsIndirectInputEvents = YES;
				INFOPLIST_KEY_UILaunchStoryboardName = LaunchScreen;
				INFOPLIST_KEY_UIMainStoryboardFile = Main;
				INFOPLIST_KEY_UISupportedInterfaceOrientations_iPad = "UIInterfaceOrientationPortrait UIInterfaceOrientationPortraitUpsideDown UIInterfaceOrientationLandscapeLeft UIInterfaceOrientationLandscapeRight";
				INFOPLIST_KEY_UISupportedInterfaceOrientations_iPhone = "UIInterfaceOrientationPortrait UIInterfaceOrientationLandscapeLeft UIInterfaceOrientationLandscapeRight";
				LD_RUNPATH_SEARCH_PATHS = (
					"$(inherited)",
					"@executable_path/Frameworks",
				);
				MARKETING_VERSION = 1.0;
				PRODUCT_BUNDLE_IDENTIFIER = net.jihoon.DatabaseDemo;
				PRODUCT_NAME = "$(TARGET_NAME)";
				SWIFT_EMIT_LOC_STRINGS = YES;
				SWIFT_OBJC_BRIDGING_HEADER = "DatabaseDemo/DatabaseDemo-Bridging-Header.h";
				SWIFT_OPTIMIZATION_LEVEL = "-Onone";
				SWIFT_VERSION = 5.0;
				TARGETED_DEVICE_FAMILY = "1,2";
			};
			name = Debug;
		};
		5CE720B42B0D925E00199A58 /* Release */ = {
			isa = XCBuildConfiguration;
			buildSettings = {
				ASSETCATALOG_COMPILER_APPICON_NAME = AppIcon;
				ASSETCATALOG_COMPILER_GLOBAL_ACCENT_COLOR_NAME = AccentColor;
				CLANG_ENABLE_MODULES = YES;
				CODE_SIGN_STYLE = Automatic;
				CURRENT_PROJECT_VERSION = 1;
				DEVELOPMENT_TEAM = KVX67TSKSQ;
				GENERATE_INFOPLIST_FILE = YES;
				INFOPLIST_FILE = DatabaseDemo/Info.plist;
				INFOPLIST_KEY_UIApplicationSupportsIndirectInputEvents = YES;
				INFOPLIST_KEY_UILaunchStoryboardName = LaunchScreen;
				INFOPLIST_KEY_UIMainStoryboardFile = Main;
				INFOPLIST_KEY_UISupportedInterfaceOrientations_iPad = "UIInterfaceOrientationPortrait UIInterfaceOrientationPortraitUpsideDown UIInterfaceOrientationLandscapeLeft UIInterfaceOrientationLandscapeRight";
				INFOPLIST_KEY_UISupportedInterfaceOrientations_iPhone = "UIInterfaceOrientationPortrait UIInterfaceOrientationLandscapeLeft UIInterfaceOrientationLandscapeRight";
				LD_RUNPATH_SEARCH_PATHS = (
					"$(inherited)",
					"@executable_path/Frameworks",
				);
				MARKETING_VERSION = 1.0;
				PRODUCT_BUNDLE_IDENTIFIER = net.jihoon.DatabaseDemo;
				PRODUCT_NAME = "$(TARGET_NAME)";
				SWIFT_EMIT_LOC_STRINGS = YES;
				SWIFT_OBJC_BRIDGING_HEADER = "DatabaseDemo/DatabaseDemo-Bridging-Header.h";
				SWIFT_VERSION = 5.0;
				TARGETED_DEVICE_FAMILY = "1,2";
			};
			name = Release;
		};
/* End XCBuildConfiguration section */

/* Begin XCConfigurationList section */
		5CE720992B0D925D00199A58 /* Build configuration list for PBXProject "DatabaseDemo" */ = {
			isa = XCConfigurationList;
			buildConfigurations = (
				5CE720B02B0D925E00199A58 /* Debug */,
				5CE720B12B0D925E00199A58 /* Release */,
			);
			defaultConfigurationIsVisible = 0;
			defaultConfigurationName = Release;
		};
		5CE720B22B0D925E00199A58 /* Build configuration list for PBXNativeTarget "DatabaseDemo" */ = {
			isa = XCConfigurationList;
			buildConfigurations = (
				5CE720B32B0D925E00199A58 /* Debug */,
				5CE720B42B0D925E00199A58 /* Release */,
			);
			defaultConfigurationIsVisible = 0;
			defaultConfigurationName = Release;
		};
/* End XCConfigurationList section */
	};
	rootObject = 5CE720962B0D925D00199A58 /* Project object */;
}
