// !$*UTF8*$!
{
	archiveVersion = 1;
	classes = {
	};
	objectVersion = 56;
	objects = {

/* Begin PBXBuildFile section */
		5CDC5E742B01A74000E71003 /* AppDelegate.swift in Sources */ = {isa = PBXBuildFile; fileRef = 5CDC5E732B01A74000E71003 /* AppDelegate.swift */; };
		5CDC5E762B01A74000E71003 /* SceneDelegate.swift in Sources */ = {isa = PBXBuildFile; fileRef = 5CDC5E752B01A74000E71003 /* SceneDelegate.swift */; };
		5CDC5E782B01A74000E71003 /* ViewController.swift in Sources */ = {isa = PBXBuildFile; fileRef = 5CDC5E772B01A74000E71003 /* ViewController.swift */; };
		5CDC5E7B2B01A74000E71003 /* Main.storyboard in Resources */ = {isa = PBXBuildFile; fileRef = 5CDC5E792B01A74000E71003 /* Main.storyboard */; };
		5CDC5E7D2B01A74300E71003 /* Assets.xcassets in Resources */ = {isa = PBXBuildFile; fileRef = 5CDC5E7C2B01A74300E71003 /* Assets.xcassets */; };
		5CDC5E802B01A74300E71003 /* LaunchScreen.storyboard in Resources */ = {isa = PBXBuildFile; fileRef = 5CDC5E7E2B01A74300E71003 /* LaunchScreen.storyboard */; };
		5CDC5E882B01C4D400E71003 /* ExamImage.png in Resources */ = {isa = PBXBuildFile; fileRef = 5CDC5E872B01C4D400E71003 /* ExamImage.png */; };
		5CDC5E8A2B01E10100E71003 /* Autolayout_Ex1.storyboard in Resources */ = {isa = PBXBuildFile; fileRef = 5CDC5E892B01E10100E71003 /* Autolayout_Ex1.storyboard */; };
		5CDC5E8C2B01E10F00E71003 /* Autolayout_Ex2.storyboard in Resources */ = {isa = PBXBuildFile; fileRef = 5CDC5E8B2B01E10F00E71003 /* Autolayout_Ex2.storyboard */; };
		5CDC5E8E2B01EAC800E71003 /* Autolayout_Ex3.storyboard in Resources */ = {isa = PBXBuildFile; fileRef = 5CDC5E8D2B01EAC800E71003 /* Autolayout_Ex3.storyboard */; };
		5CDC5E902B01EB6600E71003 /* 태극기.jpeg in Resources */ = {isa = PBXBuildFile; fileRef = 5CDC5E8F2B01EB6600E71003 /* 태극기.jpeg */; };
		5CDC5E922B01ECB200E71003 /* p의거짓.jpeg in Resources */ = {isa = PBXBuildFile; fileRef = 5CDC5E912B01ECB200E71003 /* p의거짓.jpeg */; };
/* End PBXBuildFile section */

/* Begin PBXFileReference section */
		5CDC5E702B01A74000E71003 /* TempConvertDemo.app */ = {isa = PBXFileReference; explicitFileType = wrapper.application; includeInIndex = 0; path = TempConvertDemo.app; sourceTree = BUILT_PRODUCTS_DIR; };
		5CDC5E732B01A74000E71003 /* AppDelegate.swift */ = {isa = PBXFileReference; lastKnownFileType = sourcecode.swift; path = AppDelegate.swift; sourceTree = "<group>"; };
		5CDC5E752B01A74000E71003 /* SceneDelegate.swift */ = {isa = PBXFileReference; lastKnownFileType = sourcecode.swift; path = SceneDelegate.swift; sourceTree = "<group>"; };
		5CDC5E772B01A74000E71003 /* ViewController.swift */ = {isa = PBXFileReference; lastKnownFileType = sourcecode.swift; path = ViewController.swift; sourceTree = "<group>"; };
		5CDC5E7A2B01A74000E71003 /* Base */ = {isa = PBXFileReference; lastKnownFileType = file.storyboard; name = Base; path = Base.lproj/Main.storyboard; sourceTree = "<group>"; };
		5CDC5E7C2B01A74300E71003 /* Assets.xcassets */ = {isa = PBXFileReference; lastKnownFileType = folder.assetcatalog; path = Assets.xcassets; sourceTree = "<group>"; };
		5CDC5E7F2B01A74300E71003 /* Base */ = {isa = PBXFileReference; lastKnownFileType = file.storyboard; name = Base; path = Base.lproj/LaunchScreen.storyboard; sourceTree = "<group>"; };
		5CDC5E812B01A74300E71003 /* Info.plist */ = {isa = PBXFileReference; lastKnownFileType = text.plist.xml; path = Info.plist; sourceTree = "<group>"; };
		5CDC5E872B01C4D400E71003 /* ExamImage.png */ = {isa = PBXFileReference; lastKnownFileType = image.png; path = ExamImage.png; sourceTree = "<group>"; };
		5CDC5E892B01E10100E71003 /* Autolayout_Ex1.storyboard */ = {isa = PBXFileReference; lastKnownFileType = file.storyboard; path = Autolayout_Ex1.storyboard; sourceTree = "<group>"; };
		5CDC5E8B2B01E10F00E71003 /* Autolayout_Ex2.storyboard */ = {isa = PBXFileReference; lastKnownFileType = file.storyboard; path = Autolayout_Ex2.storyboard; sourceTree = "<group>"; };
		5CDC5E8D2B01EAC800E71003 /* Autolayout_Ex3.storyboard */ = {isa = PBXFileReference; lastKnownFileType = file.storyboard; path = Autolayout_Ex3.storyboard; sourceTree = "<group>"; };
		5CDC5E8F2B01EB6600E71003 /* 태극기.jpeg */ = {isa = PBXFileReference; lastKnownFileType = image.jpeg; path = "태극기.jpeg"; sourceTree = "<group>"; };
		5CDC5E912B01ECB200E71003 /* p의거짓.jpeg */ = {isa = PBXFileReference; lastKnownFileType = image.jpeg; path = "p의거짓.jpeg"; sourceTree = "<group>"; };
/* End PBXFileReference section */

/* Begin PBXFrameworksBuildPhase section */
		5CDC5E6D2B01A74000E71003 /* Frameworks */ = {
			isa = PBXFrameworksBuildPhase;
			buildActionMask = 2147483647;
			files = (
			);
			runOnlyForDeploymentPostprocessing = 0;
		};
/* End PBXFrameworksBuildPhase section */

/* Begin PBXGroup section */
		5CDC5E672B01A74000E71003 = {
			isa = PBXGroup;
			children = (
				5CDC5E722B01A74000E71003 /* TempConvertDemo */,
				5CDC5E712B01A74000E71003 /* Products */,
			);
			sourceTree = "<group>";
		};
		5CDC5E712B01A74000E71003 /* Products */ = {
			isa = PBXGroup;
			children = (
				5CDC5E702B01A74000E71003 /* TempConvertDemo.app */,
			);
			name = Products;
			sourceTree = "<group>";
		};
		5CDC5E722B01A74000E71003 /* TempConvertDemo */ = {
			isa = PBXGroup;
			children = (
				5CDC5E732B01A74000E71003 /* AppDelegate.swift */,
				5CDC5E752B01A74000E71003 /* SceneDelegate.swift */,
				5CDC5E772B01A74000E71003 /* ViewController.swift */,
				5CDC5E872B01C4D400E71003 /* ExamImage.png */,
				5CDC5E792B01A74000E71003 /* Main.storyboard */,
				5CDC5E892B01E10100E71003 /* Autolayout_Ex1.storyboard */,
				5CDC5E8B2B01E10F00E71003 /* Autolayout_Ex2.storyboard */,
				5CDC5E8D2B01EAC800E71003 /* Autolayout_Ex3.storyboard */,
				5CDC5E912B01ECB200E71003 /* p의거짓.jpeg */,
				5CDC5E8F2B01EB6600E71003 /* 태극기.jpeg */,
				5CDC5E7C2B01A74300E71003 /* Assets.xcassets */,
				5CDC5E7E2B01A74300E71003 /* LaunchScreen.storyboard */,
				5CDC5E812B01A74300E71003 /* Info.plist */,
			);
			path = TempConvertDemo;
			sourceTree = "<group>";
		};
/* End PBXGroup section */

/* Begin PBXNativeTarget section */
		5CDC5E6F2B01A74000E71003 /* TempConvertDemo */ = {
			isa = PBXNativeTarget;
			buildConfigurationList = 5CDC5E842B01A74300E71003 /* Build configuration list for PBXNativeTarget "TempConvertDemo" */;
			buildPhases = (
				5CDC5E6C2B01A74000E71003 /* Sources */,
				5CDC5E6D2B01A74000E71003 /* Frameworks */,
				5CDC5E6E2B01A74000E71003 /* Resources */,
			);
			buildRules = (
			);
			dependencies = (
			);
			name = TempConvertDemo;
			productName = TempConvertDemo;
			productReference = 5CDC5E702B01A74000E71003 /* TempConvertDemo.app */;
			productType = "com.apple.product-type.application";
		};
/* End PBXNativeTarget section */

/* Begin PBXProject section */
		5CDC5E682B01A74000E71003 /* Project object */ = {
			isa = PBXProject;
			attributes = {
				BuildIndependentTargetsInParallel = 1;
				LastSwiftUpdateCheck = 1500;
				LastUpgradeCheck = 1500;
				TargetAttributes = {
					5CDC5E6F2B01A74000E71003 = {
						CreatedOnToolsVersion = 15.0;
					};
				};
			};
			buildConfigurationList = 5CDC5E6B2B01A74000E71003 /* Build configuration list for PBXProject "TempConvertDemo" */;
			compatibilityVersion = "Xcode 14.0";
			developmentRegion = en;
			hasScannedForEncodings = 0;
			knownRegions = (
				en,
				Base,
			);
			mainGroup = 5CDC5E672B01A74000E71003;
			productRefGroup = 5CDC5E712B01A74000E71003 /* Products */;
			projectDirPath = "";
			projectRoot = "";
			targets = (
				5CDC5E6F2B01A74000E71003 /* TempConvertDemo */,
			);
		};
/* End PBXProject section */

/* Begin PBXResourcesBuildPhase section */
		5CDC5E6E2B01A74000E71003 /* Resources */ = {
			isa = PBXResourcesBuildPhase;
			buildActionMask = 2147483647;
			files = (
				5CDC5E802B01A74300E71003 /* LaunchScreen.storyboard in Resources */,
				5CDC5E7D2B01A74300E71003 /* Assets.xcassets in Resources */,
				5CDC5E902B01EB6600E71003 /* 태극기.jpeg in Resources */,
				5CDC5E7B2B01A74000E71003 /* Main.storyboard in Resources */,
				5CDC5E922B01ECB200E71003 /* p의거짓.jpeg in Resources */,
				5CDC5E8C2B01E10F00E71003 /* Autolayout_Ex2.storyboard in Resources */,
				5CDC5E8E2B01EAC800E71003 /* Autolayout_Ex3.storyboard in Resources */,
				5CDC5E882B01C4D400E71003 /* ExamImage.png in Resources */,
				5CDC5E8A2B01E10100E71003 /* Autolayout_Ex1.storyboard in Resources */,
			);
			runOnlyForDeploymentPostprocessing = 0;
		};
/* End PBXResourcesBuildPhase section */

/* Begin PBXSourcesBuildPhase section */
		5CDC5E6C2B01A74000E71003 /* Sources */ = {
			isa = PBXSourcesBuildPhase;
			buildActionMask = 2147483647;
			files = (
				5CDC5E782B01A74000E71003 /* ViewController.swift in Sources */,
				5CDC5E742B01A74000E71003 /* AppDelegate.swift in Sources */,
				5CDC5E762B01A74000E71003 /* SceneDelegate.swift in Sources */,
			);
			runOnlyForDeploymentPostprocessing = 0;
		};
/* End PBXSourcesBuildPhase section */

/* Begin PBXVariantGroup section */
		5CDC5E792B01A74000E71003 /* Main.storyboard */ = {
			isa = PBXVariantGroup;
			children = (
				5CDC5E7A2B01A74000E71003 /* Base */,
			);
			name = Main.storyboard;
			sourceTree = "<group>";
		};
		5CDC5E7E2B01A74300E71003 /* LaunchScreen.storyboard */ = {
			isa = PBXVariantGroup;
			children = (
				5CDC5E7F2B01A74300E71003 /* Base */,
			);
			name = LaunchScreen.storyboard;
			sourceTree = "<group>";
		};
/* End PBXVariantGroup section */

/* Begin XCBuildConfiguration section */
		5CDC5E822B01A74300E71003 /* Debug */ = {
			isa = XCBuildConfiguration;
			buildSettings = {
				ALWAYS_SEARCH_USER_PATHS = NO;
				ASSETCATALOG_COMPILER_GENERATE_SWIFT_ASSET_SYMBOL_EXTENSIONS = YES;
				CLANG_ANALYZER_NONNULL = YES;
				CLANG_ANALYZER_NUMBER_OBJECT_CONVERSION = YES_AGGRESSIVE;
				CLANG_CXX_LANGUAGE_STANDARD = "gnu++20";
				CLANG_ENABLE_MODULES = YES;
				CLANG_ENABLE_OBJC_ARC = YES;
				CLANG_ENABLE_OBJC_WEAK = YES;
				CLANG_WARN_BLOCK_CAPTURE_AUTORELEASING = YES;
				CLANG_WARN_BOOL_CONVERSION = YES;
				CLANG_WARN_COMMA = YES;
				CLANG_WARN_CONSTANT_CONVERSION = YES;
				CLANG_WARN_DEPRECATED_OBJC_IMPLEMENTATIONS = YES;
				CLANG_WARN_DIRECT_OBJC_ISA_USAGE = YES_ERROR;
				CLANG_WARN_DOCUMENTATION_COMMENTS = YES;
				CLANG_WARN_EMPTY_BODY = YES;
				CLANG_WARN_ENUM_CONVERSION = YES;
				CLANG_WARN_INFINITE_RECURSION = YES;
				CLANG_WARN_INT_CONVERSION = YES;
				CLANG_WARN_NON_LITERAL_NULL_CONVERSION = YES;
				CLANG_WARN_OBJC_IMPLICIT_RETAIN_SELF = YES;
				CLANG_WARN_OBJC_LITERAL_CONVERSION = YES;
				CLANG_WARN_OBJC_ROOT_CLASS = YES_ERROR;
				CLANG_WARN_QUOTED_INCLUDE_IN_FRAMEWORK_HEADER = YES;
				CLANG_WARN_RANGE_LOOP_ANALYSIS = YES;
				CLANG_WARN_STRICT_PROTOTYPES = YES;
				CLANG_WARN_SUSPICIOUS_MOVE = YES;
				CLANG_WARN_UNGUARDED_AVAILABILITY = YES_AGGRESSIVE;
				CLANG_WARN_UNREACHABLE_CODE = YES;
				CLANG_WARN__DUPLICATE_METHOD_MATCH = YES;
				COPY_PHASE_STRIP = NO;
				DEBUG_INFORMATION_FORMAT = dwarf;
				ENABLE_STRICT_OBJC_MSGSEND = YES;
				ENABLE_TESTABILITY = YES;
				ENABLE_USER_SCRIPT_SANDBOXING = YES;
				GCC_C_LANGUAGE_STANDARD = gnu17;
				GCC_DYNAMIC_NO_PIC = NO;
				GCC_NO_COMMON_BLOCKS = YES;
				GCC_OPTIMIZATION_LEVEL = 0;
				GCC_PREPROCESSOR_DEFINITIONS = (
					"DEBUG=1",
					"$(inherited)",
				);
				GCC_WARN_64_TO_32_BIT_CONVERSION = YES;
				GCC_WARN_ABOUT_RETURN_TYPE = YES_ERROR;
				GCC_WARN_UNDECLARED_SELECTOR = YES;
				GCC_WARN_UNINITIALIZED_AUTOS = YES_AGGRESSIVE;
				GCC_WARN_UNUSED_FUNCTION = YES;
				GCC_WARN_UNUSED_VARIABLE = YES;
				IPHONEOS_DEPLOYMENT_TARGET = 17.0;
				LOCALIZATION_PREFERS_STRING_CATALOGS = YES;
				MTL_ENABLE_DEBUG_INFO = INCLUDE_SOURCE;
				MTL_FAST_MATH = YES;
				ONLY_ACTIVE_ARCH = YES;
				SDKROOT = iphoneos;
				SWIFT_ACTIVE_COMPILATION_CONDITIONS = "DEBUG $(inherited)";
				SWIFT_OPTIMIZATION_LEVEL = "-Onone";
			};
			name = Debug;
		};
		5CDC5E832B01A74300E71003 /* Release */ = {
			isa = XCBuildConfiguration;
			buildSettings = {
				ALWAYS_SEARCH_USER_PATHS = NO;
				ASSETCATALOG_COMPILER_GENERATE_SWIFT_ASSET_SYMBOL_EXTENSIONS = YES;
				CLANG_ANALYZER_NONNULL = YES;
				CLANG_ANALYZER_NUMBER_OBJECT_CONVERSION = YES_AGGRESSIVE;
				CLANG_CXX_LANGUAGE_STANDARD = "gnu++20";
				CLANG_ENABLE_MODULES = YES;
				CLANG_ENABLE_OBJC_ARC = YES;
				CLANG_ENABLE_OBJC_WEAK = YES;
				CLANG_WARN_BLOCK_CAPTURE_AUTORELEASING = YES;
				CLANG_WARN_BOOL_CONVERSION = YES;
				CLANG_WARN_COMMA = YES;
				CLANG_WARN_CONSTANT_CONVERSION = YES;
				CLANG_WARN_DEPRECATED_OBJC_IMPLEMENTATIONS = YES;
				CLANG_WARN_DIRECT_OBJC_ISA_USAGE = YES_ERROR;
				CLANG_WARN_DOCUMENTATION_COMMENTS = YES;
				CLANG_WARN_EMPTY_BODY = YES;
				CLANG_WARN_ENUM_CONVERSION = YES;
				CLANG_WARN_INFINITE_RECURSION = YES;
				CLANG_WARN_INT_CONVERSION = YES;
				CLANG_WARN_NON_LITERAL_NULL_CONVERSION = YES;
				CLANG_WARN_OBJC_IMPLICIT_RETAIN_SELF = YES;
				CLANG_WARN_OBJC_LITERAL_CONVERSION = YES;
				CLANG_WARN_OBJC_ROOT_CLASS = YES_ERROR;
				CLANG_WARN_QUOTED_INCLUDE_IN_FRAMEWORK_HEADER = YES;
				CLANG_WARN_RANGE_LOOP_ANALYSIS = YES;
				CLANG_WARN_STRICT_PROTOTYPES = YES;
				CLANG_WARN_SUSPICIOUS_MOVE = YES;
				CLANG_WARN_UNGUARDED_AVAILABILITY = YES_AGGRESSIVE;
				CLANG_WARN_UNREACHABLE_CODE = YES;
				CLANG_WARN__DUPLICATE_METHOD_MATCH = YES;
				COPY_PHASE_STRIP = NO;
				DEBUG_INFORMATION_FORMAT = "dwarf-with-dsym";
				ENABLE_NS_ASSERTIONS = NO;
				ENABLE_STRICT_OBJC_MSGSEND = YES;
				ENABLE_USER_SCRIPT_SANDBOXING = YES;
				GCC_C_LANGUAGE_STANDARD = gnu17;
				GCC_NO_COMMON_BLOCKS = YES;
				GCC_WARN_64_TO_32_BIT_CONVERSION = YES;
				GCC_WARN_ABOUT_RETURN_TYPE = YES_ERROR;
				GCC_WARN_UNDECLARED_SELECTOR = YES;
				GCC_WARN_UNINITIALIZED_AUTOS = YES_AGGRESSIVE;
				GCC_WARN_UNUSED_FUNCTION = YES;
				GCC_WARN_UNUSED_VARIABLE = YES;
				IPHONEOS_DEPLOYMENT_TARGET = 17.0;
				LOCALIZATION_PREFERS_STRING_CATALOGS = YES;
				MTL_ENABLE_DEBUG_INFO = NO;
				MTL_FAST_MATH = YES;
				SDKROOT = iphoneos;
				SWIFT_COMPILATION_MODE = wholemodule;
				VALIDATE_PRODUCT = YES;
			};
			name = Release;
		};
		5CDC5E852B01A74300E71003 /* Debug */ = {
			isa = XCBuildConfiguration;
			buildSettings = {
				ASSETCATALOG_COMPILER_APPICON_NAME = AppIcon;
				ASSETCATALOG_COMPILER_GLOBAL_ACCENT_COLOR_NAME = AccentColor;
				CODE_SIGN_STYLE = Automatic;
				CURRENT_PROJECT_VERSION = 1;
				DEVELOPMENT_TEAM = KVX67TSKSQ;
				GENERATE_INFOPLIST_FILE = YES;
				INFOPLIST_FILE = TempConvertDemo/Info.plist;
				INFOPLIST_KEY_UIApplicationSupportsIndirectInputEvents = YES;
				INFOPLIST_KEY_UILaunchStoryboardName = LaunchScreen;
				INFOPLIST_KEY_UIMainStoryboardFile = Main;
				INFOPLIST_KEY_UISupportedInterfaceOrientations_iPad = "UIInterfaceOrientationPortrait UIInterfaceOrientationPortraitUpsideDown UIInterfaceOrientationLandscapeLeft UIInterfaceOrientationLandscapeRight";
				INFOPLIST_KEY_UISupportedInterfaceOrientations_iPhone = "UIInterfaceOrientationPortrait UIInterfaceOrientationLandscapeLeft UIInterfaceOrientationLandscapeRight";
				IPHONEOS_DEPLOYMENT_TARGET = 16.4;
				LD_RUNPATH_SEARCH_PATHS = (
					"$(inherited)",
					"@executable_path/Frameworks",
				);
				MARKETING_VERSION = 1.0;
				PRODUCT_BUNDLE_IDENTIFIER = net.jihoon.TempConvertDemo;
				PRODUCT_NAME = "$(TARGET_NAME)";
				SWIFT_EMIT_LOC_STRINGS = YES;
				SWIFT_VERSION = 5.0;
				TARGETED_DEVICE_FAMILY = "1,2";
			};
			name = Debug;
		};
		5CDC5E862B01A74300E71003 /* Release */ = {
			isa = XCBuildConfiguration;
			buildSettings = {
				ASSETCATALOG_COMPILER_APPICON_NAME = AppIcon;
				ASSETCATALOG_COMPILER_GLOBAL_ACCENT_COLOR_NAME = AccentColor;
				CODE_SIGN_STYLE = Automatic;
				CURRENT_PROJECT_VERSION = 1;
				DEVELOPMENT_TEAM = KVX67TSKSQ;
				GENERATE_INFOPLIST_FILE = YES;
				INFOPLIST_FILE = TempConvertDemo/Info.plist;
				INFOPLIST_KEY_UIApplicationSupportsIndirectInputEvents = YES;
				INFOPLIST_KEY_UILaunchStoryboardName = LaunchScreen;
				INFOPLIST_KEY_UIMainStoryboardFile = Main;
				INFOPLIST_KEY_UISupportedInterfaceOrientations_iPad = "UIInterfaceOrientationPortrait UIInterfaceOrientationPortraitUpsideDown UIInterfaceOrientationLandscapeLeft UIInterfaceOrientationLandscapeRight";
				INFOPLIST_KEY_UISupportedInterfaceOrientations_iPhone = "UIInterfaceOrientationPortrait UIInterfaceOrientationLandscapeLeft UIInterfaceOrientationLandscapeRight";
				IPHONEOS_DEPLOYMENT_TARGET = 16.4;
				LD_RUNPATH_SEARCH_PATHS = (
					"$(inherited)",
					"@executable_path/Frameworks",
				);
				MARKETING_VERSION = 1.0;
				PRODUCT_BUNDLE_IDENTIFIER = net.jihoon.TempConvertDemo;
				PRODUCT_NAME = "$(TARGET_NAME)";
				SWIFT_EMIT_LOC_STRINGS = YES;
				SWIFT_VERSION = 5.0;
				TARGETED_DEVICE_FAMILY = "1,2";
			};
			name = Release;
		};
/* End XCBuildConfiguration section */

/* Begin XCConfigurationList section */
		5CDC5E6B2B01A74000E71003 /* Build configuration list for PBXProject "TempConvertDemo" */ = {
			isa = XCConfigurationList;
			buildConfigurations = (
				5CDC5E822B01A74300E71003 /* Debug */,
				5CDC5E832B01A74300E71003 /* Release */,
			);
			defaultConfigurationIsVisible = 0;
			defaultConfigurationName = Release;
		};
		5CDC5E842B01A74300E71003 /* Build configuration list for PBXNativeTarget "TempConvertDemo" */ = {
			isa = XCConfigurationList;
			buildConfigurations = (
				5CDC5E852B01A74300E71003 /* Debug */,
				5CDC5E862B01A74300E71003 /* Release */,
			);
			defaultConfigurationIsVisible = 0;
			defaultConfigurationName = Release;
		};
/* End XCConfigurationList section */
	};
	rootObject = 5CDC5E682B01A74000E71003 /* Project object */;
}
